{
  "name": "mobile-picker-poc",
  "version": "0.1.0",
  "lockfileVersion": 1,
  "requires": true,
  "dependencies": {
    "mobile-select": {
      "version": "1.0.10",
      "resolved": "https://registry.npmjs.org/mobile-select/-/mobile-select-1.0.10.tgz",
      "integrity": "sha1-x6kYohoAvsbeZhT3ua45Y0pQxnM=",
      "dev": true
    }
  }
}
